
Microsoft Visual Studio Solution File, Format Version 12.00
# Visual Studio Version 16
VisualStudioVersion = 16.0.30503.244
MinimumVisualStudioVersion = 10.0.40219.1
Project("{9A19103F-16F7-4668-BE54-9A1E7A4F7556}") = "Server", "Server\Server.csproj", "{CE9566CD-3EC0-4213-BDCB-C0E065DD35B9}"
EndProject
Project("{9A19103F-16F7-4668-BE54-9A1E7A4F7556}") = "Client", "Client\Client.csproj", "{89F9FF1E-122F-4B16-BE38-C8B89556981F}"
EndProject
Project("{FAE04EC0-301F-11D3-BF4B-00C04F79EFBC}") = "PuppetMaster", "PuppetMaster\PuppetMaster.csproj", "{3C8844F3-B49D-46AA-9F56-C23131297C82}"
EndProject
Global
	GlobalSection(SolutionConfigurationPlatforms) = preSolution
		Debug|Any CPU = Debug|Any CPU
		Release|Any CPU = Release|Any CPU
	EndGlobalSection
	GlobalSection(ProjectConfigurationPlatforms) = postSolution
		{CE9566CD-3EC0-4213-BDCB-C0E065DD35B9}.Debug|Any CPU.ActiveCfg = Debug|Any CPU
		{CE9566CD-3EC0-4213-BDCB-C0E065DD35B9}.Debug|Any CPU.Build.0 = Debug|Any CPU
		{CE9566CD-3EC0-4213-BDCB-C0E065DD35B9}.Release|Any CPU.ActiveCfg = Release|Any CPU
		{CE9566CD-3EC0-4213-BDCB-C0E065DD35B9}.Release|Any CPU.Build.0 = Release|Any CPU
		{89F9FF1E-122F-4B16-BE38-C8B89556981F}.Debug|Any CPU.ActiveCfg = Debug|Any CPU
		{89F9FF1E-122F-4B16-BE38-C8B89556981F}.Debug|Any CPU.Build.0 = Debug|Any CPU
		{89F9FF1E-122F-4B16-BE38-C8B89556981F}.Release|Any CPU.ActiveCfg = Release|Any CPU
		{89F9FF1E-122F-4B16-BE38-C8B89556981F}.Release|Any CPU.Build.0 = Release|Any CPU
		{3C8844F3-B49D-46AA-9F56-C23131297C82}.Debug|Any CPU.ActiveCfg = Debug|Any CPU
		{3C8844F3-B49D-46AA-9F56-C23131297C82}.Debug|Any CPU.Build.0 = Debug|Any CPU
		{3C8844F3-B49D-46AA-9F56-C23131297C82}.Release|Any CPU.ActiveCfg = Release|Any CPU
		{3C8844F3-B49D-46AA-9F56-C23131297C82}.Release|Any CPU.Build.0 = Release|Any CPU
	EndGlobalSection
	GlobalSection(SolutionProperties) = preSolution
		HideSolutionNode = FALSE
	EndGlobalSection
	GlobalSection(ExtensibilityGlobals) = postSolution
		SolutionGuid = {24E3A7D7-6C84-4907-801E-EC80ED1086A5}
	EndGlobalSection
EndGlobal
